
Microsoft Visual Studio Solution File, Format Version 12.00
# Visual Studio Version 17
VisualStudioVersion = 17.14.36603.0 d17.14
MinimumVisualStudioVersion = 10.0.40219.1
Project("{FAE04EC0-301F-11D3-BF4B-00C04F79EFBC}") = "StudentLibrarySystem", "StudentLibrarySystem\StudentLibrarySystem.csproj", "{ED31DB47-CDD1-4876-AAED-81B4A1BB6B83}"
EndProject
Global
	GlobalSection(SolutionConfigurationPlatforms) = preSolution
		Debug|Any CPU = Debug|Any CPU
		Release|Any CPU = Release|Any CPU
	EndGlobalSection
	GlobalSection(ProjectConfigurationPlatforms) = postSolution
		{ED31DB47-CDD1-4876-AAED-81B4A1BB6B83}.Debug|Any CPU.ActiveCfg = Debug|Any CPU
		{ED31DB47-CDD1-4876-AAED-81B4A1BB6B83}.Debug|Any CPU.Build.0 = Debug|Any CPU
		{ED31DB47-CDD1-4876-AAED-81B4A1BB6B83}.Release|Any CPU.ActiveCfg = Release|Any CPU
		{ED31DB47-CDD1-4876-AAED-81B4A1BB6B83}.Release|Any CPU.Build.0 = Release|Any CPU
	EndGlobalSection
	GlobalSection(SolutionProperties) = preSolution
		HideSolutionNode = FALSE
	EndGlobalSection
	GlobalSection(ExtensibilityGlobals) = postSolution
		SolutionGuid = {C8FC4B91-A42D-41C4-B64F-8502258EA218}
	EndGlobalSection
EndGlobal
