
Microsoft Visual Studio Solution File, Format Version 12.00
# Visual Studio Version 17
VisualStudioVersion = 17.14.36603.0 d17.14
MinimumVisualStudioVersion = 10.0.40219.1
Project("{FAE04EC0-301F-11D3-BF4B-00C04F79EFBC}") = "SchoolRecordSystem", "SchoolRecordSystem.csproj", "{AF1C877C-4DAB-4A17-BC0E-CE4A4D69F494}"
EndProject
Global
	GlobalSection(SolutionConfigurationPlatforms) = preSolution
		Debug|Any CPU = Debug|Any CPU
		Release|Any CPU = Release|Any CPU
	EndGlobalSection
	GlobalSection(ProjectConfigurationPlatforms) = postSolution
		{AF1C877C-4DAB-4A17-BC0E-CE4A4D69F494}.Debug|Any CPU.ActiveCfg = Debug|Any CPU
		{AF1C877C-4DAB-4A17-BC0E-CE4A4D69F494}.Debug|Any CPU.Build.0 = Debug|Any CPU
		{AF1C877C-4DAB-4A17-BC0E-CE4A4D69F494}.Release|Any CPU.ActiveCfg = Release|Any CPU
		{AF1C877C-4DAB-4A17-BC0E-CE4A4D69F494}.Release|Any CPU.Build.0 = Release|Any CPU
	EndGlobalSection
	GlobalSection(SolutionProperties) = preSolution
		HideSolutionNode = FALSE
	EndGlobalSection
	GlobalSection(ExtensibilityGlobals) = postSolution
		SolutionGuid = {413E386B-B1E1-4F8B-8A50-A6B1FEA2202F}
	EndGlobalSection
EndGlobal
